# This file is generated by running "yarn install" inside your project.
# Manual changes might be lost - proceed with caution!

__metadata:
  version: 6

"qa-automation-coding-challenge@workspace:.":
  version: 0.0.0-use.local
  resolution: "qa-automation-coding-challenge@workspace:."
  languageName: unknown
  linkType: soft
